Microsoft Visual Studio Solution File, Format Version 11.00
# Visual Studio 2008

Project("{F484CDB4-66B2-6CC9-DB86-05B99CE00DFA}") = "D09", "Assembly-CSharp-firstpass-vs.csproj", "{2F59B37A-61F4-0DED-111B-2DDC05F241F9}"
EndProject
Project("{F484CDB4-66B2-6CC9-DB86-05B99CE00DFA}") = "D09", "Assembly-CSharp-vs.csproj", "{D08DFDFA-0FBE-F284-B62A-3D6D19D4B102}"
EndProject
Project("{F484CDB4-66B2-6CC9-DB86-05B99CE00DFA}") = "D09", "Assembly-CSharp-Editor-vs.csproj", "{AFA630AC-0299-B2BE-FD5A-49329FA6DA72}"
EndProject
Global
	GlobalSection(SolutionConfigurationPlatforms) = preSolution
		Debug|Any CPU = Debug|Any CPU
		Release|Any CPU = Release|Any CPU
	EndGlobalSection
	GlobalSection(ProjectConfigurationPlatforms) = postSolution
		{2F59B37A-61F4-0DED-111B-2DDC05F241F9}.Debug|Any CPU.ActiveCfg = Debug|Any CPU
		{2F59B37A-61F4-0DED-111B-2DDC05F241F9}.Debug|Any CPU.Build.0 = Debug|Any CPU
		{2F59B37A-61F4-0DED-111B-2DDC05F241F9}.Release|Any CPU.ActiveCfg = Release|Any CPU
		{2F59B37A-61F4-0DED-111B-2DDC05F241F9}.Release|Any CPU.Build.0 = Release|Any CPU
		{D08DFDFA-0FBE-F284-B62A-3D6D19D4B102}.Debug|Any CPU.ActiveCfg = Debug|Any CPU
		{D08DFDFA-0FBE-F284-B62A-3D6D19D4B102}.Debug|Any CPU.Build.0 = Debug|Any CPU
		{D08DFDFA-0FBE-F284-B62A-3D6D19D4B102}.Release|Any CPU.ActiveCfg = Release|Any CPU
		{D08DFDFA-0FBE-F284-B62A-3D6D19D4B102}.Release|Any CPU.Build.0 = Release|Any CPU
		{AFA630AC-0299-B2BE-FD5A-49329FA6DA72}.Debug|Any CPU.ActiveCfg = Debug|Any CPU
		{AFA630AC-0299-B2BE-FD5A-49329FA6DA72}.Debug|Any CPU.Build.0 = Debug|Any CPU
		{AFA630AC-0299-B2BE-FD5A-49329FA6DA72}.Release|Any CPU.ActiveCfg = Release|Any CPU
		{AFA630AC-0299-B2BE-FD5A-49329FA6DA72}.Release|Any CPU.Build.0 = Release|Any CPU
	EndGlobalSection
	GlobalSection(SolutionProperties) = preSolution
		HideSolutionNode = FALSE
	EndGlobalSection
																																				GlobalSection(MonoDevelopProperties) = preSolution
		StartupItem = Assembly-CSharp.csproj
		Policies = $0
		$0.TextStylePolicy = $1
		$1.inheritsSet = null
		$1.scope = text/x-csharp
		$0.CSharpFormattingPolicy = $2
		$2.inheritsSet = Mono
		$2.inheritsScope = text/x-csharp
		$2.scope = text/x-csharp
		$0.TextStylePolicy = $3
		$3.FileWidth = 120
		$3.TabWidth = 4
		$3.IndentWidth = 4
		$3.EolMarker = Unix
		$3.inheritsSet = Mono
		$3.inheritsScope = text/plain
		$3.scope = text/plain
	EndGlobalSection

EndGlobal
